
Microsoft Visual Studio Solution File, Format Version 12.00
# Visual Studio Version 17
VisualStudioVersion = 17.0.31903.59
MinimumVisualStudioVersion = 10.0.40219.1
Project("{2150E333-8FDC-42A3-9474-1A3956D46DE8}") = "src", "src", "{827E0CD3-B72D-47B6-A68D-7590B98EB39B}"
EndProject
Project("{FAE04EC0-301F-11D3-BF4B-00C04F79EFBC}") = "FarmEngine.Schemas", "src\FarmEngine.Schemas\FarmEngine.Schemas.csproj", "{2E3F86E1-BA06-49F3-B471-88ECCDDC4BD5}"
EndProject
Project("{FAE04EC0-301F-11D3-BF4B-00C04F79EFBC}") = "FarmEngine.Core", "src\FarmEngine.Core\FarmEngine.Core.csproj", "{A5EFFC64-6271-4517-BB5C-92F7C21B39D2}"
EndProject
Project("{FAE04EC0-301F-11D3-BF4B-00C04F79EFBC}") = "FarmEngine.Content", "src\FarmEngine.Content\FarmEngine.Content.csproj", "{52375D78-8AFE-4768-A91E-1C641063F0EA}"
EndProject
Project("{FAE04EC0-301F-11D3-BF4B-00C04F79EFBC}") = "FarmEngine.Runtime", "src\FarmEngine.Runtime\FarmEngine.Runtime.csproj", "{448A1748-6AF3-42BF-90E1-1BBA5F1324CF}"
EndProject
Project("{FAE04EC0-301F-11D3-BF4B-00C04F79EFBC}") = "FarmEngine.Rendering", "src\FarmEngine.Rendering\FarmEngine.Rendering.csproj", "{C1DDA014-8F76-4E01-B770-CFBE965905D0}"
EndProject
Project("{FAE04EC0-301F-11D3-BF4B-00C04F79EFBC}") = "FarmingRpgMaker.Updates", "src\FarmingRpgMaker.Updates\FarmingRpgMaker.Updates.csproj", "{6BEC52C5-EAC2-48F1-8B48-F3D0C07E288B}"
EndProject
Project("{2150E333-8FDC-42A3-9474-1A3956D46DE8}") = "tests", "tests", "{0AB3BF05-4346-4AA6-1389-037BE0695223}"
EndProject
Project("{FAE04EC0-301F-11D3-BF4B-00C04F79EFBC}") = "FarmEngine.Core.Tests", "tests\FarmEngine.Core.Tests\FarmEngine.Core.Tests.csproj", "{20B45D5B-D647-46AB-BD4C-107C108BCB43}"
EndProject
Project("{FAE04EC0-301F-11D3-BF4B-00C04F79EFBC}") = "FarmingRpgMaker.App", "src\FarmingRpgMaker.App\FarmingRpgMaker.App.csproj", "{3AABEDD3-EA54-4788-9BA9-C87619EDA69C}"
EndProject
Project("{FAE04EC0-301F-11D3-BF4B-00C04F79EFBC}") = "FarmingRpgMaker.App.Tests", "tests\FarmingRpgMaker.App.Tests\FarmingRpgMaker.App.Tests.csproj", "{DD0DE0EE-B491-40C6-AE95-AF9055D66654}"
EndProject
Global
	GlobalSection(SolutionConfigurationPlatforms) = preSolution
		Debug|Any CPU = Debug|Any CPU
		Debug|x64 = Debug|x64
		Debug|x86 = Debug|x86
		Release|Any CPU = Release|Any CPU
		Release|x64 = Release|x64
		Release|x86 = Release|x86
	EndGlobalSection
	GlobalSection(ProjectConfigurationPlatforms) = postSolution
		{2E3F86E1-BA06-49F3-B471-88ECCDDC4BD5}.Debug|Any CPU.ActiveCfg = Debug|Any CPU
		{2E3F86E1-BA06-49F3-B471-88ECCDDC4BD5}.Debug|Any CPU.Build.0 = Debug|Any CPU
		{2E3F86E1-BA06-49F3-B471-88ECCDDC4BD5}.Debug|x64.ActiveCfg = Debug|Any CPU
		{2E3F86E1-BA06-49F3-B471-88ECCDDC4BD5}.Debug|x64.Build.0 = Debug|Any CPU
		{2E3F86E1-BA06-49F3-B471-88ECCDDC4BD5}.Debug|x86.ActiveCfg = Debug|Any CPU
		{2E3F86E1-BA06-49F3-B471-88ECCDDC4BD5}.Debug|x86.Build.0 = Debug|Any CPU
		{2E3F86E1-BA06-49F3-B471-88ECCDDC4BD5}.Release|Any CPU.ActiveCfg = Release|Any CPU
		{2E3F86E1-BA06-49F3-B471-88ECCDDC4BD5}.Release|Any CPU.Build.0 = Release|Any CPU
		{2E3F86E1-BA06-49F3-B471-88ECCDDC4BD5}.Release|x64.ActiveCfg = Release|Any CPU
		{2E3F86E1-BA06-49F3-B471-88ECCDDC4BD5}.Release|x64.Build.0 = Release|Any CPU
		{2E3F86E1-BA06-49F3-B471-88ECCDDC4BD5}.Release|x86.ActiveCfg = Release|Any CPU
		{2E3F86E1-BA06-49F3-B471-88ECCDDC4BD5}.Release|x86.Build.0 = Release|Any CPU
		{A5EFFC64-6271-4517-BB5C-92F7C21B39D2}.Debug|Any CPU.ActiveCfg = Debug|Any CPU
		{A5EFFC64-6271-4517-BB5C-92F7C21B39D2}.Debug|Any CPU.Build.0 = Debug|Any CPU
		{A5EFFC64-6271-4517-BB5C-92F7C21B39D2}.Debug|x64.ActiveCfg = Debug|Any CPU
		{A5EFFC64-6271-4517-BB5C-92F7C21B39D2}.Debug|x64.Build.0 = Debug|Any CPU
		{A5EFFC64-6271-4517-BB5C-92F7C21B39D2}.Debug|x86.ActiveCfg = Debug|Any CPU
		{A5EFFC64-6271-4517-BB5C-92F7C21B39D2}.Debug|x86.Build.0 = Debug|Any CPU
		{A5EFFC64-6271-4517-BB5C-92F7C21B39D2}.Release|Any CPU.ActiveCfg = Release|Any CPU
		{A5EFFC64-6271-4517-BB5C-92F7C21B39D2}.Release|Any CPU.Build.0 = Release|Any CPU
		{A5EFFC64-6271-4517-BB5C-92F7C21B39D2}.Release|x64.ActiveCfg = Release|Any CPU
		{A5EFFC64-6271-4517-BB5C-92F7C21B39D2}.Release|x64.Build.0 = Release|Any CPU
		{A5EFFC64-6271-4517-BB5C-92F7C21B39D2}.Release|x86.ActiveCfg = Release|Any CPU
		{A5EFFC64-6271-4517-BB5C-92F7C21B39D2}.Release|x86.Build.0 = Release|Any CPU
		{52375D78-8AFE-4768-A91E-1C641063F0EA}.Debug|Any CPU.ActiveCfg = Debug|Any CPU
		{52375D78-8AFE-4768-A91E-1C641063F0EA}.Debug|Any CPU.Build.0 = Debug|Any CPU
		{52375D78-8AFE-4768-A91E-1C641063F0EA}.Debug|x64.ActiveCfg = Debug|Any CPU
		{52375D78-8AFE-4768-A91E-1C641063F0EA}.Debug|x64.Build.0 = Debug|Any CPU
		{52375D78-8AFE-4768-A91E-1C641063F0EA}.Debug|x86.ActiveCfg = Debug|Any CPU
		{52375D78-8AFE-4768-A91E-1C641063F0EA}.Debug|x86.Build.0 = Debug|Any CPU
		{52375D78-8AFE-4768-A91E-1C641063F0EA}.Release|Any CPU.ActiveCfg = Release|Any CPU
		{52375D78-8AFE-4768-A91E-1C641063F0EA}.Release|Any CPU.Build.0 = Release|Any CPU
		{52375D78-8AFE-4768-A91E-1C641063F0EA}.Release|x64.ActiveCfg = Release|Any CPU
		{52375D78-8AFE-4768-A91E-1C641063F0EA}.Release|x64.Build.0 = Release|Any CPU
		{52375D78-8AFE-4768-A91E-1C641063F0EA}.Release|x86.ActiveCfg = Release|Any CPU
		{52375D78-8AFE-4768-A91E-1C641063F0EA}.Release|x86.Build.0 = Release|Any CPU
		{448A1748-6AF3-42BF-90E1-1BBA5F1324CF}.Debug|Any CPU.ActiveCfg = Debug|Any CPU
		{448A1748-6AF3-42BF-90E1-1BBA5F1324CF}.Debug|Any CPU.Build.0 = Debug|Any CPU
		{448A1748-6AF3-42BF-90E1-1BBA5F1324CF}.Debug|x64.ActiveCfg = Debug|Any CPU
		{448A1748-6AF3-42BF-90E1-1BBA5F1324CF}.Debug|x64.Build.0 = Debug|Any CPU
		{448A1748-6AF3-42BF-90E1-1BBA5F1324CF}.Debug|x86.ActiveCfg = Debug|Any CPU
		{448A1748-6AF3-42BF-90E1-1BBA5F1324CF}.Debug|x86.Build.0 = Debug|Any CPU
		{448A1748-6AF3-42BF-90E1-1BBA5F1324CF}.Release|Any CPU.ActiveCfg = Release|Any CPU
		{448A1748-6AF3-42BF-90E1-1BBA5F1324CF}.Release|Any CPU.Build.0 = Release|Any CPU
		{448A1748-6AF3-42BF-90E1-1BBA5F1324CF}.Release|x64.ActiveCfg = Release|Any CPU
		{448A1748-6AF3-42BF-90E1-1BBA5F1324CF}.Release|x64.Build.0 = Release|Any CPU
		{448A1748-6AF3-42BF-90E1-1BBA5F1324CF}.Release|x86.ActiveCfg = Release|Any CPU
		{448A1748-6AF3-42BF-90E1-1BBA5F1324CF}.Release|x86.Build.0 = Release|Any CPU
		{C1DDA014-8F76-4E01-B770-CFBE965905D0}.Debug|Any CPU.ActiveCfg = Debug|Any CPU
		{C1DDA014-8F76-4E01-B770-CFBE965905D0}.Debug|Any CPU.Build.0 = Debug|Any CPU
		{C1DDA014-8F76-4E01-B770-CFBE965905D0}.Debug|x64.ActiveCfg = Debug|Any CPU
		{C1DDA014-8F76-4E01-B770-CFBE965905D0}.Debug|x64.Build.0 = Debug|Any CPU
		{C1DDA014-8F76-4E01-B770-CFBE965905D0}.Debug|x86.ActiveCfg = Debug|Any CPU
		{C1DDA014-8F76-4E01-B770-CFBE965905D0}.Debug|x86.Build.0 = Debug|Any CPU
		{C1DDA014-8F76-4E01-B770-CFBE965905D0}.Release|Any CPU.ActiveCfg = Release|Any CPU
		{C1DDA014-8F76-4E01-B770-CFBE965905D0}.Release|Any CPU.Build.0 = Release|Any CPU
		{C1DDA014-8F76-4E01-B770-CFBE965905D0}.Release|x64.ActiveCfg = Release|Any CPU
		{C1DDA014-8F76-4E01-B770-CFBE965905D0}.Release|x64.Build.0 = Release|Any CPU
		{C1DDA014-8F76-4E01-B770-CFBE965905D0}.Release|x86.ActiveCfg = Release|Any CPU
		{C1DDA014-8F76-4E01-B770-CFBE965905D0}.Release|x86.Build.0 = Release|Any CPU
		{6BEC52C5-EAC2-48F1-8B48-F3D0C07E288B}.Debug|Any CPU.ActiveCfg = Debug|Any CPU
		{6BEC52C5-EAC2-48F1-8B48-F3D0C07E288B}.Debug|Any CPU.Build.0 = Debug|Any CPU
		{6BEC52C5-EAC2-48F1-8B48-F3D0C07E288B}.Debug|x64.ActiveCfg = Debug|Any CPU
		{6BEC52C5-EAC2-48F1-8B48-F3D0C07E288B}.Debug|x64.Build.0 = Debug|Any CPU
		{6BEC52C5-EAC2-48F1-8B48-F3D0C07E288B}.Debug|x86.ActiveCfg = Debug|Any CPU
		{6BEC52C5-EAC2-48F1-8B48-F3D0C07E288B}.Debug|x86.Build.0 = Debug|Any CPU
		{6BEC52C5-EAC2-48F1-8B48-F3D0C07E288B}.Release|Any CPU.ActiveCfg = Release|Any CPU
		{6BEC52C5-EAC2-48F1-8B48-F3D0C07E288B}.Release|Any CPU.Build.0 = Release|Any CPU
		{6BEC52C5-EAC2-48F1-8B48-F3D0C07E288B}.Release|x64.ActiveCfg = Release|Any CPU
		{6BEC52C5-EAC2-48F1-8B48-F3D0C07E288B}.Release|x64.Build.0 = Release|Any CPU
		{6BEC52C5-EAC2-48F1-8B48-F3D0C07E288B}.Release|x86.ActiveCfg = Release|Any CPU
		{6BEC52C5-EAC2-48F1-8B48-F3D0C07E288B}.Release|x86.Build.0 = Release|Any CPU
		{20B45D5B-D647-46AB-BD4C-107C108BCB43}.Debug|Any CPU.ActiveCfg = Debug|Any CPU
		{20B45D5B-D647-46AB-BD4C-107C108BCB43}.Debug|Any CPU.Build.0 = Debug|Any CPU
		{20B45D5B-D647-46AB-BD4C-107C108BCB43}.Debug|x64.ActiveCfg = Debug|Any CPU
		{20B45D5B-D647-46AB-BD4C-107C108BCB43}.Debug|x64.Build.0 = Debug|Any CPU
		{20B45D5B-D647-46AB-BD4C-107C108BCB43}.Debug|x86.ActiveCfg = Debug|Any CPU
		{20B45D5B-D647-46AB-BD4C-107C108BCB43}.Debug|x86.Build.0 = Debug|Any CPU
		{20B45D5B-D647-46AB-BD4C-107C108BCB43}.Release|Any CPU.ActiveCfg = Release|Any CPU
		{20B45D5B-D647-46AB-BD4C-107C108BCB43}.Release|Any CPU.Build.0 = Release|Any CPU
		{20B45D5B-D647-46AB-BD4C-107C108BCB43}.Release|x64.ActiveCfg = Release|Any CPU
		{20B45D5B-D647-46AB-BD4C-107C108BCB43}.Release|x64.Build.0 = Release|Any CPU
		{20B45D5B-D647-46AB-BD4C-107C108BCB43}.Release|x86.ActiveCfg = Release|Any CPU
		{20B45D5B-D647-46AB-BD4C-107C108BCB43}.Release|x86.Build.0 = Release|Any CPU
		{3AABEDD3-EA54-4788-9BA9-C87619EDA69C}.Debug|Any CPU.ActiveCfg = Debug|Any CPU
		{3AABEDD3-EA54-4788-9BA9-C87619EDA69C}.Debug|Any CPU.Build.0 = Debug|Any CPU
		{3AABEDD3-EA54-4788-9BA9-C87619EDA69C}.Debug|x64.ActiveCfg = Debug|Any CPU
		{3AABEDD3-EA54-4788-9BA9-C87619EDA69C}.Debug|x64.Build.0 = Debug|Any CPU
		{3AABEDD3-EA54-4788-9BA9-C87619EDA69C}.Debug|x86.ActiveCfg = Debug|Any CPU
		{3AABEDD3-EA54-4788-9BA9-C87619EDA69C}.Debug|x86.Build.0 = Debug|Any CPU
		{3AABEDD3-EA54-4788-9BA9-C87619EDA69C}.Release|Any CPU.ActiveCfg = Release|Any CPU
		{3AABEDD3-EA54-4788-9BA9-C87619EDA69C}.Release|Any CPU.Build.0 = Release|Any CPU
		{3AABEDD3-EA54-4788-9BA9-C87619EDA69C}.Release|x64.ActiveCfg = Release|Any CPU
		{3AABEDD3-EA54-4788-9BA9-C87619EDA69C}.Release|x64.Build.0 = Release|Any CPU
		{3AABEDD3-EA54-4788-9BA9-C87619EDA69C}.Release|x86.ActiveCfg = Release|Any CPU
		{3AABEDD3-EA54-4788-9BA9-C87619EDA69C}.Release|x86.Build.0 = Release|Any CPU
		{DD0DE0EE-B491-40C6-AE95-AF9055D66654}.Debug|Any CPU.ActiveCfg = Debug|Any CPU
		{DD0DE0EE-B491-40C6-AE95-AF9055D66654}.Debug|Any CPU.Build.0 = Debug|Any CPU
		{DD0DE0EE-B491-40C6-AE95-AF9055D66654}.Debug|x64.ActiveCfg = Debug|Any CPU
		{DD0DE0EE-B491-40C6-AE95-AF9055D66654}.Debug|x64.Build.0 = Debug|Any CPU
		{DD0DE0EE-B491-40C6-AE95-AF9055D66654}.Debug|x86.ActiveCfg = Debug|Any CPU
		{DD0DE0EE-B491-40C6-AE95-AF9055D66654}.Debug|x86.Build.0 = Debug|Any CPU
		{DD0DE0EE-B491-40C6-AE95-AF9055D66654}.Release|Any CPU.ActiveCfg = Release|Any CPU
		{DD0DE0EE-B491-40C6-AE95-AF9055D66654}.Release|Any CPU.Build.0 = Release|Any CPU
		{DD0DE0EE-B491-40C6-AE95-AF9055D66654}.Release|x64.ActiveCfg = Release|Any CPU
		{DD0DE0EE-B491-40C6-AE95-AF9055D66654}.Release|x64.Build.0 = Release|Any CPU
		{DD0DE0EE-B491-40C6-AE95-AF9055D66654}.Release|x86.ActiveCfg = Release|Any CPU
		{DD0DE0EE-B491-40C6-AE95-AF9055D66654}.Release|x86.Build.0 = Release|Any CPU
	EndGlobalSection
	GlobalSection(SolutionProperties) = preSolution
		HideSolutionNode = FALSE
	EndGlobalSection
	GlobalSection(NestedProjects) = preSolution
		{2E3F86E1-BA06-49F3-B471-88ECCDDC4BD5} = {827E0CD3-B72D-47B6-A68D-7590B98EB39B}
		{A5EFFC64-6271-4517-BB5C-92F7C21B39D2} = {827E0CD3-B72D-47B6-A68D-7590B98EB39B}
		{52375D78-8AFE-4768-A91E-1C641063F0EA} = {827E0CD3-B72D-47B6-A68D-7590B98EB39B}
		{448A1748-6AF3-42BF-90E1-1BBA5F1324CF} = {827E0CD3-B72D-47B6-A68D-7590B98EB39B}
		{C1DDA014-8F76-4E01-B770-CFBE965905D0} = {827E0CD3-B72D-47B6-A68D-7590B98EB39B}
		{6BEC52C5-EAC2-48F1-8B48-F3D0C07E288B} = {827E0CD3-B72D-47B6-A68D-7590B98EB39B}
		{20B45D5B-D647-46AB-BD4C-107C108BCB43} = {0AB3BF05-4346-4AA6-1389-037BE0695223}
		{3AABEDD3-EA54-4788-9BA9-C87619EDA69C} = {827E0CD3-B72D-47B6-A68D-7590B98EB39B}
		{DD0DE0EE-B491-40C6-AE95-AF9055D66654} = {0AB3BF05-4346-4AA6-1389-037BE0695223}
	EndGlobalSection
EndGlobal
