
Microsoft Visual Studio Solution File, Format Version 12.00
# Visual Studio Version 17
VisualStudioVersion = 17.0.31903.59
MinimumVisualStudioVersion = 10.0.40219.1
Project("{2150E333-8FDC-42A3-9474-1A3956D46DE8}") = "src", "src", "{827E0CD3-B72D-47B6-A68D-7590B98EB39B}"
EndProject
Project("{FAE04EC0-301F-11D3-BF4B-00C04F79EFBC}") = "FarmingRpgMaker.Updates", "src\FarmingRpgMaker.Updates\FarmingRpgMaker.Updates.csproj", "{6BEC52C5-EAC2-48F1-8B48-F3D0C07E288B}"
EndProject
Project("{2150E333-8FDC-42A3-9474-1A3956D46DE8}") = "tests", "tests", "{0AB3BF05-4346-4AA6-1389-037BE0695223}"
EndProject
Project("{FAE04EC0-301F-11D3-BF4B-00C04F79EFBC}") = "FarmingRpgMaker.App", "src\FarmingRpgMaker.App\FarmingRpgMaker.App.csproj", "{3AABEDD3-EA54-4788-9BA9-C87619EDA69C}"
EndProject
Project("{FAE04EC0-301F-11D3-BF4B-00C04F79EFBC}") = "FarmingRpgMaker.App.Tests", "tests\FarmingRpgMaker.App.Tests\FarmingRpgMaker.App.Tests.csproj", "{DD0DE0EE-B491-40C6-AE95-AF9055D66654}"
EndProject
Project("{FAE04EC0-301F-11D3-BF4B-00C04F79EFBC}") = "FarmEngine.Interop", "src\FarmEngine.Interop\FarmEngine.Interop.csproj", "{960E3335-7D1F-4CAD-9B64-B5F4FAC69C12}"
EndProject
Project("{F2A71F9B-5D33-465A-A702-920D77279786}") = "FarmEngine.Authoring", "src\FarmEngine.Authoring\FarmEngine.Authoring.fsproj", "{FDDF981D-B8E3-43FC-929E-12E52100002B}"
EndProject
Project("{F2A71F9B-5D33-465A-A702-920D77279786}") = "FarmEngine.Authoring.Tests", "tests\FarmEngine.Authoring.Tests\FarmEngine.Authoring.Tests.fsproj", "{FFAC5D19-2D36-483A-BF81-C6B310631B87}"
EndProject
Project("{F2A71F9B-5D33-465A-A702-920D77279786}") = "FarmEngine.Authoring.Net", "src\FarmEngine.Authoring.Net\FarmEngine.Authoring.Net.fsproj", "{B837092B-0A5E-4658-94A0-ADFABAFE693D}"
EndProject
Project("{F2A71F9B-5D33-465A-A702-920D77279786}") = "FarmEngine.Cli", "src\FarmEngine.Cli\FarmEngine.Cli.fsproj", "{E5E67D7D-0CB9-432D-B3EA-071D21A4280B}"
EndProject
Project("{F2A71F9B-5D33-465A-A702-920D77279786}") = "FarmEngine.Export", "src\FarmEngine.Export\FarmEngine.Export.fsproj", "{CD14E53B-F255-4902-8AC8-EEAA47F47900}"
EndProject
Project("{F2A71F9B-5D33-465A-A702-920D77279786}") = "FarmEngine.Export.Tests", "tests\FarmEngine.Export.Tests\FarmEngine.Export.Tests.fsproj", "{ADE98E1F-84F8-436F-A856-57834015F317}"
EndProject
Global
	GlobalSection(SolutionConfigurationPlatforms) = preSolution
		Debug|Any CPU = Debug|Any CPU
		Debug|x64 = Debug|x64
		Debug|x86 = Debug|x86
		Release|Any CPU = Release|Any CPU
		Release|x64 = Release|x64
		Release|x86 = Release|x86
	EndGlobalSection
	GlobalSection(ProjectConfigurationPlatforms) = postSolution
		{6BEC52C5-EAC2-48F1-8B48-F3D0C07E288B}.Debug|Any CPU.ActiveCfg = Debug|Any CPU
		{6BEC52C5-EAC2-48F1-8B48-F3D0C07E288B}.Debug|Any CPU.Build.0 = Debug|Any CPU
		{6BEC52C5-EAC2-48F1-8B48-F3D0C07E288B}.Debug|x64.ActiveCfg = Debug|Any CPU
		{6BEC52C5-EAC2-48F1-8B48-F3D0C07E288B}.Debug|x64.Build.0 = Debug|Any CPU
		{6BEC52C5-EAC2-48F1-8B48-F3D0C07E288B}.Debug|x86.ActiveCfg = Debug|Any CPU
		{6BEC52C5-EAC2-48F1-8B48-F3D0C07E288B}.Debug|x86.Build.0 = Debug|Any CPU
		{6BEC52C5-EAC2-48F1-8B48-F3D0C07E288B}.Release|Any CPU.ActiveCfg = Release|Any CPU
		{6BEC52C5-EAC2-48F1-8B48-F3D0C07E288B}.Release|Any CPU.Build.0 = Release|Any CPU
		{6BEC52C5-EAC2-48F1-8B48-F3D0C07E288B}.Release|x64.ActiveCfg = Release|Any CPU
		{6BEC52C5-EAC2-48F1-8B48-F3D0C07E288B}.Release|x64.Build.0 = Release|Any CPU
		{6BEC52C5-EAC2-48F1-8B48-F3D0C07E288B}.Release|x86.ActiveCfg = Release|Any CPU
		{6BEC52C5-EAC2-48F1-8B48-F3D0C07E288B}.Release|x86.Build.0 = Release|Any CPU
		{3AABEDD3-EA54-4788-9BA9-C87619EDA69C}.Debug|Any CPU.ActiveCfg = Debug|Any CPU
		{3AABEDD3-EA54-4788-9BA9-C87619EDA69C}.Debug|Any CPU.Build.0 = Debug|Any CPU
		{3AABEDD3-EA54-4788-9BA9-C87619EDA69C}.Debug|x64.ActiveCfg = Debug|Any CPU
		{3AABEDD3-EA54-4788-9BA9-C87619EDA69C}.Debug|x64.Build.0 = Debug|Any CPU
		{3AABEDD3-EA54-4788-9BA9-C87619EDA69C}.Debug|x86.ActiveCfg = Debug|Any CPU
		{3AABEDD3-EA54-4788-9BA9-C87619EDA69C}.Debug|x86.Build.0 = Debug|Any CPU
		{3AABEDD3-EA54-4788-9BA9-C87619EDA69C}.Release|Any CPU.ActiveCfg = Release|Any CPU
		{3AABEDD3-EA54-4788-9BA9-C87619EDA69C}.Release|Any CPU.Build.0 = Release|Any CPU
		{3AABEDD3-EA54-4788-9BA9-C87619EDA69C}.Release|x64.ActiveCfg = Release|Any CPU
		{3AABEDD3-EA54-4788-9BA9-C87619EDA69C}.Release|x64.Build.0 = Release|Any CPU
		{3AABEDD3-EA54-4788-9BA9-C87619EDA69C}.Release|x86.ActiveCfg = Release|Any CPU
		{3AABEDD3-EA54-4788-9BA9-C87619EDA69C}.Release|x86.Build.0 = Release|Any CPU
		{DD0DE0EE-B491-40C6-AE95-AF9055D66654}.Debug|Any CPU.ActiveCfg = Debug|Any CPU
		{DD0DE0EE-B491-40C6-AE95-AF9055D66654}.Debug|Any CPU.Build.0 = Debug|Any CPU
		{DD0DE0EE-B491-40C6-AE95-AF9055D66654}.Debug|x64.ActiveCfg = Debug|Any CPU
		{DD0DE0EE-B491-40C6-AE95-AF9055D66654}.Debug|x64.Build.0 = Debug|Any CPU
		{DD0DE0EE-B491-40C6-AE95-AF9055D66654}.Debug|x86.ActiveCfg = Debug|Any CPU
		{DD0DE0EE-B491-40C6-AE95-AF9055D66654}.Debug|x86.Build.0 = Debug|Any CPU
		{DD0DE0EE-B491-40C6-AE95-AF9055D66654}.Release|Any CPU.ActiveCfg = Release|Any CPU
		{DD0DE0EE-B491-40C6-AE95-AF9055D66654}.Release|Any CPU.Build.0 = Release|Any CPU
		{DD0DE0EE-B491-40C6-AE95-AF9055D66654}.Release|x64.ActiveCfg = Release|Any CPU
		{DD0DE0EE-B491-40C6-AE95-AF9055D66654}.Release|x64.Build.0 = Release|Any CPU
		{DD0DE0EE-B491-40C6-AE95-AF9055D66654}.Release|x86.ActiveCfg = Release|Any CPU
		{DD0DE0EE-B491-40C6-AE95-AF9055D66654}.Release|x86.Build.0 = Release|Any CPU
		{960E3335-7D1F-4CAD-9B64-B5F4FAC69C12}.Debug|Any CPU.ActiveCfg = Debug|Any CPU
		{960E3335-7D1F-4CAD-9B64-B5F4FAC69C12}.Debug|Any CPU.Build.0 = Debug|Any CPU
		{960E3335-7D1F-4CAD-9B64-B5F4FAC69C12}.Debug|x64.ActiveCfg = Debug|Any CPU
		{960E3335-7D1F-4CAD-9B64-B5F4FAC69C12}.Debug|x64.Build.0 = Debug|Any CPU
		{960E3335-7D1F-4CAD-9B64-B5F4FAC69C12}.Debug|x86.ActiveCfg = Debug|Any CPU
		{960E3335-7D1F-4CAD-9B64-B5F4FAC69C12}.Debug|x86.Build.0 = Debug|Any CPU
		{960E3335-7D1F-4CAD-9B64-B5F4FAC69C12}.Release|Any CPU.ActiveCfg = Release|Any CPU
		{960E3335-7D1F-4CAD-9B64-B5F4FAC69C12}.Release|Any CPU.Build.0 = Release|Any CPU
		{960E3335-7D1F-4CAD-9B64-B5F4FAC69C12}.Release|x64.ActiveCfg = Release|Any CPU
		{960E3335-7D1F-4CAD-9B64-B5F4FAC69C12}.Release|x64.Build.0 = Release|Any CPU
		{960E3335-7D1F-4CAD-9B64-B5F4FAC69C12}.Release|x86.ActiveCfg = Release|Any CPU
		{960E3335-7D1F-4CAD-9B64-B5F4FAC69C12}.Release|x86.Build.0 = Release|Any CPU
		{FDDF981D-B8E3-43FC-929E-12E52100002B}.Debug|Any CPU.ActiveCfg = Debug|Any CPU
		{FDDF981D-B8E3-43FC-929E-12E52100002B}.Debug|Any CPU.Build.0 = Debug|Any CPU
		{FDDF981D-B8E3-43FC-929E-12E52100002B}.Debug|x64.ActiveCfg = Debug|Any CPU
		{FDDF981D-B8E3-43FC-929E-12E52100002B}.Debug|x64.Build.0 = Debug|Any CPU
		{FDDF981D-B8E3-43FC-929E-12E52100002B}.Debug|x86.ActiveCfg = Debug|Any CPU
		{FDDF981D-B8E3-43FC-929E-12E52100002B}.Debug|x86.Build.0 = Debug|Any CPU
		{FDDF981D-B8E3-43FC-929E-12E52100002B}.Release|Any CPU.ActiveCfg = Release|Any CPU
		{FDDF981D-B8E3-43FC-929E-12E52100002B}.Release|Any CPU.Build.0 = Release|Any CPU
		{FDDF981D-B8E3-43FC-929E-12E52100002B}.Release|x64.ActiveCfg = Release|Any CPU
		{FDDF981D-B8E3-43FC-929E-12E52100002B}.Release|x64.Build.0 = Release|Any CPU
		{FDDF981D-B8E3-43FC-929E-12E52100002B}.Release|x86.ActiveCfg = Release|Any CPU
		{FDDF981D-B8E3-43FC-929E-12E52100002B}.Release|x86.Build.0 = Release|Any CPU
		{FFAC5D19-2D36-483A-BF81-C6B310631B87}.Debug|Any CPU.ActiveCfg = Debug|Any CPU
		{FFAC5D19-2D36-483A-BF81-C6B310631B87}.Debug|Any CPU.Build.0 = Debug|Any CPU
		{FFAC5D19-2D36-483A-BF81-C6B310631B87}.Debug|x64.ActiveCfg = Debug|Any CPU
		{FFAC5D19-2D36-483A-BF81-C6B310631B87}.Debug|x64.Build.0 = Debug|Any CPU
		{FFAC5D19-2D36-483A-BF81-C6B310631B87}.Debug|x86.ActiveCfg = Debug|Any CPU
		{FFAC5D19-2D36-483A-BF81-C6B310631B87}.Debug|x86.Build.0 = Debug|Any CPU
		{FFAC5D19-2D36-483A-BF81-C6B310631B87}.Release|Any CPU.ActiveCfg = Release|Any CPU
		{FFAC5D19-2D36-483A-BF81-C6B310631B87}.Release|Any CPU.Build.0 = Release|Any CPU
		{FFAC5D19-2D36-483A-BF81-C6B310631B87}.Release|x64.ActiveCfg = Release|Any CPU
		{FFAC5D19-2D36-483A-BF81-C6B310631B87}.Release|x64.Build.0 = Release|Any CPU
		{FFAC5D19-2D36-483A-BF81-C6B310631B87}.Release|x86.ActiveCfg = Release|Any CPU
		{FFAC5D19-2D36-483A-BF81-C6B310631B87}.Release|x86.Build.0 = Release|Any CPU
		{B837092B-0A5E-4658-94A0-ADFABAFE693D}.Debug|Any CPU.ActiveCfg = Debug|Any CPU
		{B837092B-0A5E-4658-94A0-ADFABAFE693D}.Debug|Any CPU.Build.0 = Debug|Any CPU
		{B837092B-0A5E-4658-94A0-ADFABAFE693D}.Debug|x64.ActiveCfg = Debug|Any CPU
		{B837092B-0A5E-4658-94A0-ADFABAFE693D}.Debug|x64.Build.0 = Debug|Any CPU
		{B837092B-0A5E-4658-94A0-ADFABAFE693D}.Debug|x86.ActiveCfg = Debug|Any CPU
		{B837092B-0A5E-4658-94A0-ADFABAFE693D}.Debug|x86.Build.0 = Debug|Any CPU
		{B837092B-0A5E-4658-94A0-ADFABAFE693D}.Release|Any CPU.ActiveCfg = Release|Any CPU
		{B837092B-0A5E-4658-94A0-ADFABAFE693D}.Release|Any CPU.Build.0 = Release|Any CPU
		{B837092B-0A5E-4658-94A0-ADFABAFE693D}.Release|x64.ActiveCfg = Release|Any CPU
		{B837092B-0A5E-4658-94A0-ADFABAFE693D}.Release|x64.Build.0 = Release|Any CPU
		{B837092B-0A5E-4658-94A0-ADFABAFE693D}.Release|x86.ActiveCfg = Release|Any CPU
		{B837092B-0A5E-4658-94A0-ADFABAFE693D}.Release|x86.Build.0 = Release|Any CPU
		{E5E67D7D-0CB9-432D-B3EA-071D21A4280B}.Debug|Any CPU.ActiveCfg = Debug|Any CPU
		{E5E67D7D-0CB9-432D-B3EA-071D21A4280B}.Debug|Any CPU.Build.0 = Debug|Any CPU
		{E5E67D7D-0CB9-432D-B3EA-071D21A4280B}.Debug|x64.ActiveCfg = Debug|Any CPU
		{E5E67D7D-0CB9-432D-B3EA-071D21A4280B}.Debug|x64.Build.0 = Debug|Any CPU
		{E5E67D7D-0CB9-432D-B3EA-071D21A4280B}.Debug|x86.ActiveCfg = Debug|Any CPU
		{E5E67D7D-0CB9-432D-B3EA-071D21A4280B}.Debug|x86.Build.0 = Debug|Any CPU
		{E5E67D7D-0CB9-432D-B3EA-071D21A4280B}.Release|Any CPU.ActiveCfg = Release|Any CPU
		{E5E67D7D-0CB9-432D-B3EA-071D21A4280B}.Release|Any CPU.Build.0 = Release|Any CPU
		{E5E67D7D-0CB9-432D-B3EA-071D21A4280B}.Release|x64.ActiveCfg = Release|Any CPU
		{E5E67D7D-0CB9-432D-B3EA-071D21A4280B}.Release|x64.Build.0 = Release|Any CPU
		{E5E67D7D-0CB9-432D-B3EA-071D21A4280B}.Release|x86.ActiveCfg = Release|Any CPU
		{E5E67D7D-0CB9-432D-B3EA-071D21A4280B}.Release|x86.Build.0 = Release|Any CPU
		{CD14E53B-F255-4902-8AC8-EEAA47F47900}.Debug|Any CPU.ActiveCfg = Debug|Any CPU
		{CD14E53B-F255-4902-8AC8-EEAA47F47900}.Debug|Any CPU.Build.0 = Debug|Any CPU
		{CD14E53B-F255-4902-8AC8-EEAA47F47900}.Debug|x64.ActiveCfg = Debug|Any CPU
		{CD14E53B-F255-4902-8AC8-EEAA47F47900}.Debug|x64.Build.0 = Debug|Any CPU
		{CD14E53B-F255-4902-8AC8-EEAA47F47900}.Debug|x86.ActiveCfg = Debug|Any CPU
		{CD14E53B-F255-4902-8AC8-EEAA47F47900}.Debug|x86.Build.0 = Debug|Any CPU
		{CD14E53B-F255-4902-8AC8-EEAA47F47900}.Release|Any CPU.ActiveCfg = Release|Any CPU
		{CD14E53B-F255-4902-8AC8-EEAA47F47900}.Release|Any CPU.Build.0 = Release|Any CPU
		{CD14E53B-F255-4902-8AC8-EEAA47F47900}.Release|x64.ActiveCfg = Release|Any CPU
		{CD14E53B-F255-4902-8AC8-EEAA47F47900}.Release|x64.Build.0 = Release|Any CPU
		{CD14E53B-F255-4902-8AC8-EEAA47F47900}.Release|x86.ActiveCfg = Release|Any CPU
		{CD14E53B-F255-4902-8AC8-EEAA47F47900}.Release|x86.Build.0 = Release|Any CPU
		{ADE98E1F-84F8-436F-A856-57834015F317}.Debug|Any CPU.ActiveCfg = Debug|Any CPU
		{ADE98E1F-84F8-436F-A856-57834015F317}.Debug|Any CPU.Build.0 = Debug|Any CPU
		{ADE98E1F-84F8-436F-A856-57834015F317}.Debug|x64.ActiveCfg = Debug|Any CPU
		{ADE98E1F-84F8-436F-A856-57834015F317}.Debug|x64.Build.0 = Debug|Any CPU
		{ADE98E1F-84F8-436F-A856-57834015F317}.Debug|x86.ActiveCfg = Debug|Any CPU
		{ADE98E1F-84F8-436F-A856-57834015F317}.Debug|x86.Build.0 = Debug|Any CPU
		{ADE98E1F-84F8-436F-A856-57834015F317}.Release|Any CPU.ActiveCfg = Release|Any CPU
		{ADE98E1F-84F8-436F-A856-57834015F317}.Release|Any CPU.Build.0 = Release|Any CPU
		{ADE98E1F-84F8-436F-A856-57834015F317}.Release|x64.ActiveCfg = Release|Any CPU
		{ADE98E1F-84F8-436F-A856-57834015F317}.Release|x64.Build.0 = Release|Any CPU
		{ADE98E1F-84F8-436F-A856-57834015F317}.Release|x86.ActiveCfg = Release|Any CPU
		{ADE98E1F-84F8-436F-A856-57834015F317}.Release|x86.Build.0 = Release|Any CPU
	EndGlobalSection
	GlobalSection(SolutionProperties) = preSolution
		HideSolutionNode = FALSE
	EndGlobalSection
	GlobalSection(NestedProjects) = preSolution
		{6BEC52C5-EAC2-48F1-8B48-F3D0C07E288B} = {827E0CD3-B72D-47B6-A68D-7590B98EB39B}
		{3AABEDD3-EA54-4788-9BA9-C87619EDA69C} = {827E0CD3-B72D-47B6-A68D-7590B98EB39B}
		{DD0DE0EE-B491-40C6-AE95-AF9055D66654} = {0AB3BF05-4346-4AA6-1389-037BE0695223}
		{960E3335-7D1F-4CAD-9B64-B5F4FAC69C12} = {827E0CD3-B72D-47B6-A68D-7590B98EB39B}
		{FDDF981D-B8E3-43FC-929E-12E52100002B} = {827E0CD3-B72D-47B6-A68D-7590B98EB39B}
		{FFAC5D19-2D36-483A-BF81-C6B310631B87} = {0AB3BF05-4346-4AA6-1389-037BE0695223}
		{B837092B-0A5E-4658-94A0-ADFABAFE693D} = {827E0CD3-B72D-47B6-A68D-7590B98EB39B}
		{E5E67D7D-0CB9-432D-B3EA-071D21A4280B} = {827E0CD3-B72D-47B6-A68D-7590B98EB39B}
		{CD14E53B-F255-4902-8AC8-EEAA47F47900} = {827E0CD3-B72D-47B6-A68D-7590B98EB39B}
		{ADE98E1F-84F8-436F-A856-57834015F317} = {0AB3BF05-4346-4AA6-1389-037BE0695223}
	EndGlobalSection
EndGlobal
